schema: '2.0'
stages:
  data_ingestion:
    cmd: python src/data_ingestion.py
    deps:
    - path: src/data_ingestion.py
      hash: md5
      md5: d08f93acc28b4b0ed90aa6d0f41dcb71
      size: 4920
    params:
      params.yaml:
        data_ingestion.test_size: 0.25
    outs:
    - path: data/raw
      hash: md5
      md5: 04dd235295cb72c313e376c794dbd399.dir
      size: 484846
      nfiles: 2
  data_preprocessing:
    cmd: python src/data_preprocessing.py
    deps:
    - path: data/raw
      hash: md5
      md5: 04dd235295cb72c313e376c794dbd399.dir
      size: 484846
      nfiles: 2
    - path: src/data_preprocessing.py
      hash: md5
      md5: cded4d91b802ca8afbe14c7aed4eac0b
      size: 4513
    outs:
    - path: data/interim
      hash: md5
      md5: a93065f5a2727e5e7dd327b4604144d5.dir
      size: 261440
      nfiles: 2
  feature_engineering:
    cmd: python src/feature_engineering.py
    deps:
    - path: data/interim
      hash: md5
      md5: a93065f5a2727e5e7dd327b4604144d5.dir
      size: 261440
      nfiles: 2
    - path: src/feature_engineering.py
      hash: md5
      md5: daf147e93329cf7da073969822ba57fc
      size: 4441
    params:
      params.yaml:
        feature_engineering.max_features: 60
    outs:
    - path: data/processed
      hash: md5
      md5: e3ea436e7d6f1dcfe471e26785c9782b.dir
      size: 1412582
      nfiles: 2
  model_building:
    cmd: python src/model_building.py
    deps:
    - path: data/processed
      hash: md5
      md5: e3ea436e7d6f1dcfe471e26785c9782b.dir
      size: 1412582
      nfiles: 2
    - path: src/model_building.py
      hash: md5
      md5: b8727e021502e049a818879fdeadf93c
      size: 4641
    params:
      params.yaml:
        model_building.n_estimators: 20
        model_building.random_state: 2
    outs:
    - path: models/model.pkl
      hash: md5
      md5: 8a72c24e80418ff9de4e88c97881da81
      size: 870582
  model_evaluation:
    cmd: python src/model_evaluation.py
    deps:
    - path: models/model.pkl
      hash: md5
      md5: 8a72c24e80418ff9de4e88c97881da81
      size: 870582
    - path: src/model_evaluation.py
      hash: md5
      md5: 0bea55043cdea10fec44da35daad8e04
      size: 3681
    outs:
    - path: reports/metrics.json
      hash: md5
      md5: 3f9538c55d5753eb473879644c3f9cdb
      size: 145
