schema: '2.0'
stages:
  data_ingestion:
    cmd: python src/data_ingestion.py
    deps:
    - path: src/data_ingestion.py
      hash: md5
      md5: d08f93acc28b4b0ed90aa6d0f41dcb71
      size: 4920
    params:
      params.yaml:
        data_ingestion.test_size: 0.25
    outs:
    - path: data/raw
      hash: md5
      md5: 04dd235295cb72c313e376c794dbd399.dir
      size: 484846
      nfiles: 2
  data_preprocessing:
    cmd: python src/data_preprocessing.py
    deps:
    - path: data/raw
      hash: md5
      md5: 04dd235295cb72c313e376c794dbd399.dir
      size: 484846
      nfiles: 2
    - path: src/data_preprocessing.py
      hash: md5
      md5: cded4d91b802ca8afbe14c7aed4eac0b
      size: 4513
    outs:
    - path: data/interim
      hash: md5
      md5: a93065f5a2727e5e7dd327b4604144d5.dir
      size: 261440
      nfiles: 2
  feature_engineering:
    cmd: python src/feature_engineering.py
    deps:
    - path: data/interim
      hash: md5
      md5: a93065f5a2727e5e7dd327b4604144d5.dir
      size: 261440
      nfiles: 2
    - path: src/feature_engineering.py
      hash: md5
      md5: daf147e93329cf7da073969822ba57fc
      size: 4441
    params:
      params.yaml:
        feature_engineering.max_features: 100
    outs:
    - path: data/processed
      hash: md5
      md5: 9f18cdd1996355f080d42c534045ffa7.dir
      size: 2310918
      nfiles: 2
  model_building:
    cmd: python src/model_building.py
    deps:
    - path: data/processed
      hash: md5
      md5: 9f18cdd1996355f080d42c534045ffa7.dir
      size: 2310918
      nfiles: 2
    - path: src/model_building.py
      hash: md5
      md5: b8727e021502e049a818879fdeadf93c
      size: 4641
    params:
      params.yaml:
        model_building.n_estimators: 40
        model_building.random_state: 2
    outs:
    - path: models/model.pkl
      hash: md5
      md5: 75090bc462a696722537f49a127efe0d
      size: 1992172
  model_evaluation:
    cmd: python src/model_evaluation.py
    deps:
    - path: models/model.pkl
      hash: md5
      md5: 75090bc462a696722537f49a127efe0d
      size: 1992172
    - path: src/model_evaluation.py
      hash: md5
      md5: 200f65d01c94403bc611dbf104a4f193
      size: 4770
    outs:
    - path: reports/metrics.json
      hash: md5
      md5: cfac71b2512150db6fa316a0dbd49327
      size: 144
